
Microsoft Visual Studio Solution File, Format Version 12.00
# Visual Studio 15
VisualStudioVersion = 15.0.26124.0
MinimumVisualStudioVersion = 15.0.26124.0
Project("{9A19103F-16F7-4668-BE54-9A1E7A4F7556}") = "NetCore.Strongly", "NetCore.Strongly\NetCore.Strongly.csproj", "{D5067DA7-0248-4963-B0D0-7778FD6F6146}"
EndProject
Project("{9A19103F-16F7-4668-BE54-9A1E7A4F7556}") = "WebApp", "WebApp\WebApp.csproj", "{12C55825-41CF-48BC-9B30-2B6E0E6D0AB3}"
EndProject
Project("{9A19103F-16F7-4668-BE54-9A1E7A4F7556}") = "ClientConfig", "ClientConfig\ClientConfig.csproj", "{05CFF4A3-0C16-454C-A5F2-17B11653E6F0}"
EndProject
Project("{9A19103F-16F7-4668-BE54-9A1E7A4F7556}") = "TestCommon", "TestCommon\TestCommon.csproj", "{BE11470A-7711-41A3-B86B-48D7B48037E1}"
EndProject
Project("{9A19103F-16F7-4668-BE54-9A1E7A4F7556}") = "TestWebApp", "TestWebApp\TestWebApp.csproj", "{6FCE11CB-76CA-46D1-ACD1-DE4C60FE2CB7}"
EndProject
Global
	GlobalSection(SolutionConfigurationPlatforms) = preSolution
		Debug|Any CPU = Debug|Any CPU
		Debug|x64 = Debug|x64
		Debug|x86 = Debug|x86
		Release|Any CPU = Release|Any CPU
		Release|x64 = Release|x64
		Release|x86 = Release|x86
	EndGlobalSection
	GlobalSection(ProjectConfigurationPlatforms) = postSolution
		{D5067DA7-0248-4963-B0D0-7778FD6F6146}.Debug|Any CPU.ActiveCfg = Debug|Any CPU
		{D5067DA7-0248-4963-B0D0-7778FD6F6146}.Debug|Any CPU.Build.0 = Debug|Any CPU
		{D5067DA7-0248-4963-B0D0-7778FD6F6146}.Debug|x64.ActiveCfg = Debug|Any CPU
		{D5067DA7-0248-4963-B0D0-7778FD6F6146}.Debug|x64.Build.0 = Debug|Any CPU
		{D5067DA7-0248-4963-B0D0-7778FD6F6146}.Debug|x86.ActiveCfg = Debug|Any CPU
		{D5067DA7-0248-4963-B0D0-7778FD6F6146}.Debug|x86.Build.0 = Debug|Any CPU
		{D5067DA7-0248-4963-B0D0-7778FD6F6146}.Release|Any CPU.ActiveCfg = Release|Any CPU
		{D5067DA7-0248-4963-B0D0-7778FD6F6146}.Release|Any CPU.Build.0 = Release|Any CPU
		{D5067DA7-0248-4963-B0D0-7778FD6F6146}.Release|x64.ActiveCfg = Release|Any CPU
		{D5067DA7-0248-4963-B0D0-7778FD6F6146}.Release|x64.Build.0 = Release|Any CPU
		{D5067DA7-0248-4963-B0D0-7778FD6F6146}.Release|x86.ActiveCfg = Release|Any CPU
		{D5067DA7-0248-4963-B0D0-7778FD6F6146}.Release|x86.Build.0 = Release|Any CPU
		{12C55825-41CF-48BC-9B30-2B6E0E6D0AB3}.Debug|Any CPU.ActiveCfg = Debug|Any CPU
		{12C55825-41CF-48BC-9B30-2B6E0E6D0AB3}.Debug|Any CPU.Build.0 = Debug|Any CPU
		{12C55825-41CF-48BC-9B30-2B6E0E6D0AB3}.Debug|x64.ActiveCfg = Debug|Any CPU
		{12C55825-41CF-48BC-9B30-2B6E0E6D0AB3}.Debug|x64.Build.0 = Debug|Any CPU
		{12C55825-41CF-48BC-9B30-2B6E0E6D0AB3}.Debug|x86.ActiveCfg = Debug|Any CPU
		{12C55825-41CF-48BC-9B30-2B6E0E6D0AB3}.Debug|x86.Build.0 = Debug|Any CPU
		{12C55825-41CF-48BC-9B30-2B6E0E6D0AB3}.Release|Any CPU.ActiveCfg = Release|Any CPU
		{12C55825-41CF-48BC-9B30-2B6E0E6D0AB3}.Release|Any CPU.Build.0 = Release|Any CPU
		{12C55825-41CF-48BC-9B30-2B6E0E6D0AB3}.Release|x64.ActiveCfg = Release|Any CPU
		{12C55825-41CF-48BC-9B30-2B6E0E6D0AB3}.Release|x64.Build.0 = Release|Any CPU
		{12C55825-41CF-48BC-9B30-2B6E0E6D0AB3}.Release|x86.ActiveCfg = Release|Any CPU
		{12C55825-41CF-48BC-9B30-2B6E0E6D0AB3}.Release|x86.Build.0 = Release|Any CPU
		{05CFF4A3-0C16-454C-A5F2-17B11653E6F0}.Debug|Any CPU.ActiveCfg = Debug|Any CPU
		{05CFF4A3-0C16-454C-A5F2-17B11653E6F0}.Debug|Any CPU.Build.0 = Debug|Any CPU
		{05CFF4A3-0C16-454C-A5F2-17B11653E6F0}.Debug|x64.ActiveCfg = Debug|Any CPU
		{05CFF4A3-0C16-454C-A5F2-17B11653E6F0}.Debug|x64.Build.0 = Debug|Any CPU
		{05CFF4A3-0C16-454C-A5F2-17B11653E6F0}.Debug|x86.ActiveCfg = Debug|Any CPU
		{05CFF4A3-0C16-454C-A5F2-17B11653E6F0}.Debug|x86.Build.0 = Debug|Any CPU
		{05CFF4A3-0C16-454C-A5F2-17B11653E6F0}.Release|Any CPU.ActiveCfg = Release|Any CPU
		{05CFF4A3-0C16-454C-A5F2-17B11653E6F0}.Release|Any CPU.Build.0 = Release|Any CPU
		{05CFF4A3-0C16-454C-A5F2-17B11653E6F0}.Release|x64.ActiveCfg = Release|Any CPU
		{05CFF4A3-0C16-454C-A5F2-17B11653E6F0}.Release|x64.Build.0 = Release|Any CPU
		{05CFF4A3-0C16-454C-A5F2-17B11653E6F0}.Release|x86.ActiveCfg = Release|Any CPU
		{05CFF4A3-0C16-454C-A5F2-17B11653E6F0}.Release|x86.Build.0 = Release|Any CPU
		{BE11470A-7711-41A3-B86B-48D7B48037E1}.Debug|Any CPU.ActiveCfg = Debug|Any CPU
		{BE11470A-7711-41A3-B86B-48D7B48037E1}.Debug|Any CPU.Build.0 = Debug|Any CPU
		{BE11470A-7711-41A3-B86B-48D7B48037E1}.Debug|x64.ActiveCfg = Debug|Any CPU
		{BE11470A-7711-41A3-B86B-48D7B48037E1}.Debug|x64.Build.0 = Debug|Any CPU
		{BE11470A-7711-41A3-B86B-48D7B48037E1}.Debug|x86.ActiveCfg = Debug|Any CPU
		{BE11470A-7711-41A3-B86B-48D7B48037E1}.Debug|x86.Build.0 = Debug|Any CPU
		{BE11470A-7711-41A3-B86B-48D7B48037E1}.Release|Any CPU.ActiveCfg = Release|Any CPU
		{BE11470A-7711-41A3-B86B-48D7B48037E1}.Release|Any CPU.Build.0 = Release|Any CPU
		{BE11470A-7711-41A3-B86B-48D7B48037E1}.Release|x64.ActiveCfg = Release|Any CPU
		{BE11470A-7711-41A3-B86B-48D7B48037E1}.Release|x64.Build.0 = Release|Any CPU
		{BE11470A-7711-41A3-B86B-48D7B48037E1}.Release|x86.ActiveCfg = Release|Any CPU
		{BE11470A-7711-41A3-B86B-48D7B48037E1}.Release|x86.Build.0 = Release|Any CPU
		{6FCE11CB-76CA-46D1-ACD1-DE4C60FE2CB7}.Debug|Any CPU.ActiveCfg = Debug|Any CPU
		{6FCE11CB-76CA-46D1-ACD1-DE4C60FE2CB7}.Debug|Any CPU.Build.0 = Debug|Any CPU
		{6FCE11CB-76CA-46D1-ACD1-DE4C60FE2CB7}.Debug|x64.ActiveCfg = Debug|Any CPU
		{6FCE11CB-76CA-46D1-ACD1-DE4C60FE2CB7}.Debug|x64.Build.0 = Debug|Any CPU
		{6FCE11CB-76CA-46D1-ACD1-DE4C60FE2CB7}.Debug|x86.ActiveCfg = Debug|Any CPU
		{6FCE11CB-76CA-46D1-ACD1-DE4C60FE2CB7}.Debug|x86.Build.0 = Debug|Any CPU
		{6FCE11CB-76CA-46D1-ACD1-DE4C60FE2CB7}.Release|Any CPU.ActiveCfg = Release|Any CPU
		{6FCE11CB-76CA-46D1-ACD1-DE4C60FE2CB7}.Release|Any CPU.Build.0 = Release|Any CPU
		{6FCE11CB-76CA-46D1-ACD1-DE4C60FE2CB7}.Release|x64.ActiveCfg = Release|Any CPU
		{6FCE11CB-76CA-46D1-ACD1-DE4C60FE2CB7}.Release|x64.Build.0 = Release|Any CPU
		{6FCE11CB-76CA-46D1-ACD1-DE4C60FE2CB7}.Release|x86.ActiveCfg = Release|Any CPU
		{6FCE11CB-76CA-46D1-ACD1-DE4C60FE2CB7}.Release|x86.Build.0 = Release|Any CPU
	EndGlobalSection
	GlobalSection(SolutionProperties) = preSolution
		HideSolutionNode = FALSE
	EndGlobalSection
	GlobalSection(ExtensibilityGlobals) = postSolution
		SolutionGuid = {F09B7031-F9A0-4AA5-A3F1-021B84426121}
	EndGlobalSection
EndGlobal
